
Microsoft Visual Studio Solution File, Format Version 12.00
# Visual Studio Version 16
VisualStudioVersion = 16.0.31729.503
MinimumVisualStudioVersion = 10.0.40219.1
Project("{FAE04EC0-301F-11D3-BF4B-00C04F79EFBC}") = "Exercise_1", "Exercise_1.csproj", "{297D5671-8196-45C8-8481-272ABCD3B29C}"
EndProject
Global
	GlobalSection(SolutionConfigurationPlatforms) = preSolution
		Debug|Any CPU = Debug|Any CPU
		Release|Any CPU = Release|Any CPU
	EndGlobalSection
	GlobalSection(ProjectConfigurationPlatforms) = postSolution
		{297D5671-8196-45C8-8481-272ABCD3B29C}.Debug|Any CPU.ActiveCfg = Debug|Any CPU
		{297D5671-8196-45C8-8481-272ABCD3B29C}.Debug|Any CPU.Build.0 = Debug|Any CPU
		{297D5671-8196-45C8-8481-272ABCD3B29C}.Release|Any CPU.ActiveCfg = Release|Any CPU
		{297D5671-8196-45C8-8481-272ABCD3B29C}.Release|Any CPU.Build.0 = Release|Any CPU
	EndGlobalSection
	GlobalSection(SolutionProperties) = preSolution
		HideSolutionNode = FALSE
	EndGlobalSection
	GlobalSection(ExtensibilityGlobals) = postSolution
		SolutionGuid = {E7B73FEA-C42D-4B30-8F51-EFE23E849AEA}
	EndGlobalSection
EndGlobal
