
Microsoft Visual Studio Solution File, Format Version 12.00
# Visual Studio Version 16
VisualStudioVersion = 16.0.31729.503
MinimumVisualStudioVersion = 10.0.40219.1
Project("{FAE04EC0-301F-11D3-BF4B-00C04F79EFBC}") = "Exercise_1", "Exercise_1.csproj", "{9E2AFF71-03B7-4BBA-B378-EA84A57C26D1}"
EndProject
Global
	GlobalSection(SolutionConfigurationPlatforms) = preSolution
		Debug|Any CPU = Debug|Any CPU
		Release|Any CPU = Release|Any CPU
	EndGlobalSection
	GlobalSection(ProjectConfigurationPlatforms) = postSolution
		{9E2AFF71-03B7-4BBA-B378-EA84A57C26D1}.Debug|Any CPU.ActiveCfg = Debug|Any CPU
		{9E2AFF71-03B7-4BBA-B378-EA84A57C26D1}.Debug|Any CPU.Build.0 = Debug|Any CPU
		{9E2AFF71-03B7-4BBA-B378-EA84A57C26D1}.Release|Any CPU.ActiveCfg = Release|Any CPU
		{9E2AFF71-03B7-4BBA-B378-EA84A57C26D1}.Release|Any CPU.Build.0 = Release|Any CPU
	EndGlobalSection
	GlobalSection(SolutionProperties) = preSolution
		HideSolutionNode = FALSE
	EndGlobalSection
	GlobalSection(ExtensibilityGlobals) = postSolution
		SolutionGuid = {6F138ACD-5A0E-4D48-80E8-1954121400CB}
	EndGlobalSection
EndGlobal
